
Microsoft Visual Studio Solution File, Format Version 12.00
# Visual Studio 15
VisualStudioVersion = 15.0.25914.0
MinimumVisualStudioVersion = 10.0.40219.1
Project("{8BC9CEB8-8B4A-11D0-8D11-00A0C91BC942}") = "Divide-Server", "VisualStudioProjects\Divide-Server.vcxproj", "{EA66E9A7-6F6E-4C37-9726-29926E84F317}"
	ProjectSection(ProjectDependencies) = postProject
		{9D7BBBC8-E5CF-475D-8531-4520B605833C} = {9D7BBBC8-E5CF-475D-8531-4520B605833C}
	EndProjectSection
EndProject
Project("{8BC9CEB8-8B4A-11D0-8D11-00A0C91BC942}") = "Divide-ReCast", "VisualStudioProjects\Divide-ReCast.vcxproj", "{1ED21303-434E-46DA-8050-2DF2684BE74E}"
	ProjectSection(ProjectDependencies) = postProject
		{CE681ABE-38E0-4445-92A0-0F17EE225473} = {CE681ABE-38E0-4445-92A0-0F17EE225473}
	EndProjectSection
EndProject
Project("{8BC9CEB8-8B4A-11D0-8D11-00A0C91BC942}") = "Divide-Networking", "VisualStudioProjects\Divide-Networking.vcxproj", "{9D7BBBC8-E5CF-475D-8531-4520B605833C}"
	ProjectSection(ProjectDependencies) = postProject
		{CE681ABE-38E0-4445-92A0-0F17EE225473} = {CE681ABE-38E0-4445-92A0-0F17EE225473}
	EndProjectSection
EndProject
Project("{8BC9CEB8-8B4A-11D0-8D11-00A0C91BC942}") = "Divide-Platform", "VisualStudioProjects\Divide-Platform.vcxproj", "{CE681ABE-38E0-4445-92A0-0F17EE225473}"
	ProjectSection(ProjectDependencies) = postProject
		{8FCA6505-8035-4279-9942-F0BBCCF2FDE7} = {8FCA6505-8035-4279-9942-F0BBCCF2FDE7}
	EndProjectSection
EndProject
Project("{8BC9CEB8-8B4A-11D0-8D11-00A0C91BC942}") = "Divide-Engine", "VisualStudioProjects\Divide-Engine.vcxproj", "{8FCA6505-8035-4279-9942-F0BBCCF2FDE7}"
EndProject
Project("{8BC9CEB8-8B4A-11D0-8D11-00A0C91BC942}") = "Test-Platform", "VisualStudioProjects\Divide-Engine-Tests.vcxproj", "{0F94F3A5-3023-45A4-A003-F427AC82D869}"
	ProjectSection(ProjectDependencies) = postProject
		{CE681ABE-38E0-4445-92A0-0F17EE225473} = {CE681ABE-38E0-4445-92A0-0F17EE225473}
		{9D7BBBC8-E5CF-475D-8531-4520B605833C} = {9D7BBBC8-E5CF-475D-8531-4520B605833C}
		{3CD700EA-0C66-4FA7-9C66-D8E63CA952CB} = {3CD700EA-0C66-4FA7-9C66-D8E63CA952CB}
	EndProjectSection
EndProject
Project("{8BC9CEB8-8B4A-11D0-8D11-00A0C91BC942}") = "Test-Engine", "VisualStudioProjects\Divide-Platform-Tests.vcxproj", "{EF7E2000-C5F8-4345-8082-9F97341F804D}"
	ProjectSection(ProjectDependencies) = postProject
		{8FCA6505-8035-4279-9942-F0BBCCF2FDE7} = {8FCA6505-8035-4279-9942-F0BBCCF2FDE7}
		{CE681ABE-38E0-4445-92A0-0F17EE225473} = {CE681ABE-38E0-4445-92A0-0F17EE225473}
		{9D7BBBC8-E5CF-475D-8531-4520B605833C} = {9D7BBBC8-E5CF-475D-8531-4520B605833C}
		{3CD700EA-0C66-4FA7-9C66-D8E63CA952CB} = {3CD700EA-0C66-4FA7-9C66-D8E63CA952CB}
	EndProjectSection
EndProject
Project("{8BC9CEB8-8B4A-11D0-8D11-00A0C91BC942}") = "Divide-Executable", "VisualStudioProjects\Divide-GameExecutable.vcxproj", "{87F22E92-2988-41FA-9E23-00033408A869}"
	ProjectSection(ProjectDependencies) = postProject
		{9D7BBBC8-E5CF-475D-8531-4520B605833C} = {9D7BBBC8-E5CF-475D-8531-4520B605833C}
		{3CD700EA-0C66-4FA7-9C66-D8E63CA952CB} = {3CD700EA-0C66-4FA7-9C66-D8E63CA952CB}
	EndProjectSection
EndProject
Project("{8BC9CEB8-8B4A-11D0-8D11-00A0C91BC942}") = "Divide-Game", "VisualStudioProjects\Divide-Game.vcxproj", "{3CD700EA-0C66-4FA7-9C66-D8E63CA952CB}"
	ProjectSection(ProjectDependencies) = postProject
		{8FCA6505-8035-4279-9942-F0BBCCF2FDE7} = {8FCA6505-8035-4279-9942-F0BBCCF2FDE7}
	EndProjectSection
EndProject
Global
	GlobalSection(Performance) = preSolution
		HasPerformanceSessions = true
	EndGlobalSection
	GlobalSection(SolutionConfigurationPlatforms) = preSolution
		Debug|x64 = Debug|x64
		Debug|x86 = Debug|x86
		Profile|x64 = Profile|x64
		Profile|x86 = Profile|x86
		Release|x64 = Release|x64
		Release|x86 = Release|x86
	EndGlobalSection
	GlobalSection(ProjectConfigurationPlatforms) = postSolution
		{EA66E9A7-6F6E-4C37-9726-29926E84F317}.Debug|x64.ActiveCfg = Debug|x64
		{EA66E9A7-6F6E-4C37-9726-29926E84F317}.Debug|x64.Build.0 = Debug|x64
		{EA66E9A7-6F6E-4C37-9726-29926E84F317}.Debug|x86.ActiveCfg = Debug|x64
		{EA66E9A7-6F6E-4C37-9726-29926E84F317}.Profile|x64.ActiveCfg = Profile|x64
		{EA66E9A7-6F6E-4C37-9726-29926E84F317}.Profile|x64.Build.0 = Profile|x64
		{EA66E9A7-6F6E-4C37-9726-29926E84F317}.Profile|x86.ActiveCfg = Profile|x64
		{EA66E9A7-6F6E-4C37-9726-29926E84F317}.Release|x64.ActiveCfg = Release|x64
		{EA66E9A7-6F6E-4C37-9726-29926E84F317}.Release|x64.Build.0 = Release|x64
		{EA66E9A7-6F6E-4C37-9726-29926E84F317}.Release|x86.ActiveCfg = Release|x64
		{1ED21303-434E-46DA-8050-2DF2684BE74E}.Debug|x64.ActiveCfg = Debug|x64
		{1ED21303-434E-46DA-8050-2DF2684BE74E}.Debug|x64.Build.0 = Debug|x64
		{1ED21303-434E-46DA-8050-2DF2684BE74E}.Debug|x86.ActiveCfg = Debug|x64
		{1ED21303-434E-46DA-8050-2DF2684BE74E}.Profile|x64.ActiveCfg = Profile|x64
		{1ED21303-434E-46DA-8050-2DF2684BE74E}.Profile|x64.Build.0 = Profile|x64
		{1ED21303-434E-46DA-8050-2DF2684BE74E}.Profile|x86.ActiveCfg = Profile|x64
		{1ED21303-434E-46DA-8050-2DF2684BE74E}.Release|x64.ActiveCfg = Release|x64
		{1ED21303-434E-46DA-8050-2DF2684BE74E}.Release|x64.Build.0 = Release|x64
		{1ED21303-434E-46DA-8050-2DF2684BE74E}.Release|x86.ActiveCfg = Release|x64
		{9D7BBBC8-E5CF-475D-8531-4520B605833C}.Debug|x64.ActiveCfg = Debug|x64
		{9D7BBBC8-E5CF-475D-8531-4520B605833C}.Debug|x64.Build.0 = Debug|x64
		{9D7BBBC8-E5CF-475D-8531-4520B605833C}.Debug|x86.ActiveCfg = Debug|x64
		{9D7BBBC8-E5CF-475D-8531-4520B605833C}.Profile|x64.ActiveCfg = Profile|x64
		{9D7BBBC8-E5CF-475D-8531-4520B605833C}.Profile|x64.Build.0 = Profile|x64
		{9D7BBBC8-E5CF-475D-8531-4520B605833C}.Profile|x86.ActiveCfg = Profile|x64
		{9D7BBBC8-E5CF-475D-8531-4520B605833C}.Release|x64.ActiveCfg = Release|x64
		{9D7BBBC8-E5CF-475D-8531-4520B605833C}.Release|x64.Build.0 = Release|x64
		{9D7BBBC8-E5CF-475D-8531-4520B605833C}.Release|x86.ActiveCfg = Release|x64
		{CE681ABE-38E0-4445-92A0-0F17EE225473}.Debug|x64.ActiveCfg = Debug|x64
		{CE681ABE-38E0-4445-92A0-0F17EE225473}.Debug|x64.Build.0 = Debug|x64
		{CE681ABE-38E0-4445-92A0-0F17EE225473}.Debug|x86.ActiveCfg = Debug|x64
		{CE681ABE-38E0-4445-92A0-0F17EE225473}.Profile|x64.ActiveCfg = Profile|x64
		{CE681ABE-38E0-4445-92A0-0F17EE225473}.Profile|x64.Build.0 = Profile|x64
		{CE681ABE-38E0-4445-92A0-0F17EE225473}.Profile|x86.ActiveCfg = Profile|x64
		{CE681ABE-38E0-4445-92A0-0F17EE225473}.Release|x64.ActiveCfg = Release|x64
		{CE681ABE-38E0-4445-92A0-0F17EE225473}.Release|x64.Build.0 = Release|x64
		{CE681ABE-38E0-4445-92A0-0F17EE225473}.Release|x86.ActiveCfg = Release|x64
		{8FCA6505-8035-4279-9942-F0BBCCF2FDE7}.Debug|x64.ActiveCfg = Debug|x64
		{8FCA6505-8035-4279-9942-F0BBCCF2FDE7}.Debug|x64.Build.0 = Debug|x64
		{8FCA6505-8035-4279-9942-F0BBCCF2FDE7}.Debug|x86.ActiveCfg = Debug|x64
		{8FCA6505-8035-4279-9942-F0BBCCF2FDE7}.Profile|x64.ActiveCfg = Profile|x64
		{8FCA6505-8035-4279-9942-F0BBCCF2FDE7}.Profile|x64.Build.0 = Profile|x64
		{8FCA6505-8035-4279-9942-F0BBCCF2FDE7}.Profile|x86.ActiveCfg = Profile|x64
		{8FCA6505-8035-4279-9942-F0BBCCF2FDE7}.Release|x64.ActiveCfg = Release|x64
		{8FCA6505-8035-4279-9942-F0BBCCF2FDE7}.Release|x64.Build.0 = Release|x64
		{8FCA6505-8035-4279-9942-F0BBCCF2FDE7}.Release|x86.ActiveCfg = Release|x64
		{0F94F3A5-3023-45A4-A003-F427AC82D869}.Debug|x64.ActiveCfg = Debug|x64
		{0F94F3A5-3023-45A4-A003-F427AC82D869}.Debug|x64.Build.0 = Debug|x64
		{0F94F3A5-3023-45A4-A003-F427AC82D869}.Debug|x86.ActiveCfg = Debug|x64
		{0F94F3A5-3023-45A4-A003-F427AC82D869}.Profile|x64.ActiveCfg = Profile|x64
		{0F94F3A5-3023-45A4-A003-F427AC82D869}.Profile|x64.Build.0 = Profile|x64
		{0F94F3A5-3023-45A4-A003-F427AC82D869}.Profile|x86.ActiveCfg = Profile|x64
		{0F94F3A5-3023-45A4-A003-F427AC82D869}.Release|x64.ActiveCfg = Release|x64
		{0F94F3A5-3023-45A4-A003-F427AC82D869}.Release|x64.Build.0 = Release|x64
		{0F94F3A5-3023-45A4-A003-F427AC82D869}.Release|x86.ActiveCfg = Release|x64
		{EF7E2000-C5F8-4345-8082-9F97341F804D}.Debug|x64.ActiveCfg = Debug|x64
		{EF7E2000-C5F8-4345-8082-9F97341F804D}.Debug|x64.Build.0 = Debug|x64
		{EF7E2000-C5F8-4345-8082-9F97341F804D}.Debug|x86.ActiveCfg = Debug|x64
		{EF7E2000-C5F8-4345-8082-9F97341F804D}.Profile|x64.ActiveCfg = Profile|x64
		{EF7E2000-C5F8-4345-8082-9F97341F804D}.Profile|x64.Build.0 = Profile|x64
		{EF7E2000-C5F8-4345-8082-9F97341F804D}.Profile|x86.ActiveCfg = Profile|x64
		{EF7E2000-C5F8-4345-8082-9F97341F804D}.Release|x64.ActiveCfg = Release|x64
		{EF7E2000-C5F8-4345-8082-9F97341F804D}.Release|x64.Build.0 = Release|x64
		{EF7E2000-C5F8-4345-8082-9F97341F804D}.Release|x86.ActiveCfg = Release|x64
		{87F22E92-2988-41FA-9E23-00033408A869}.Debug|x64.ActiveCfg = Debug|x64
		{87F22E92-2988-41FA-9E23-00033408A869}.Debug|x64.Build.0 = Debug|x64
		{87F22E92-2988-41FA-9E23-00033408A869}.Debug|x86.ActiveCfg = Debug|x64
		{87F22E92-2988-41FA-9E23-00033408A869}.Profile|x64.ActiveCfg = Profile|x64
		{87F22E92-2988-41FA-9E23-00033408A869}.Profile|x64.Build.0 = Profile|x64
		{87F22E92-2988-41FA-9E23-00033408A869}.Profile|x86.ActiveCfg = Profile|x64
		{87F22E92-2988-41FA-9E23-00033408A869}.Release|x64.ActiveCfg = Release|x64
		{87F22E92-2988-41FA-9E23-00033408A869}.Release|x64.Build.0 = Release|x64
		{87F22E92-2988-41FA-9E23-00033408A869}.Release|x86.ActiveCfg = Release|x64
		{3CD700EA-0C66-4FA7-9C66-D8E63CA952CB}.Debug|x64.ActiveCfg = Debug|x64
		{3CD700EA-0C66-4FA7-9C66-D8E63CA952CB}.Debug|x64.Build.0 = Debug|x64
		{3CD700EA-0C66-4FA7-9C66-D8E63CA952CB}.Debug|x86.ActiveCfg = Debug|x64
		{3CD700EA-0C66-4FA7-9C66-D8E63CA952CB}.Profile|x64.ActiveCfg = Profile|x64
		{3CD700EA-0C66-4FA7-9C66-D8E63CA952CB}.Profile|x64.Build.0 = Profile|x64
		{3CD700EA-0C66-4FA7-9C66-D8E63CA952CB}.Profile|x86.ActiveCfg = Profile|x64
		{3CD700EA-0C66-4FA7-9C66-D8E63CA952CB}.Release|x64.ActiveCfg = Release|x64
		{3CD700EA-0C66-4FA7-9C66-D8E63CA952CB}.Release|x64.Build.0 = Release|x64
		{3CD700EA-0C66-4FA7-9C66-D8E63CA952CB}.Release|x86.ActiveCfg = Release|x64
	EndGlobalSection
	GlobalSection(SolutionProperties) = preSolution
		HideSolutionNode = FALSE
	EndGlobalSection
	GlobalSection(Performance) = preSolution
		HasPerformanceSessions = true
	EndGlobalSection
EndGlobal
