<?xml version="1.0" encoding="utf-8"?>
<Project ToolsVersion="4.0" xmlns="http://schemas.microsoft.com/developer/msbuild/2003">
  <ItemGroup>
    <Filter Include="Rendering">
      <UniqueIdentifier>{4FC737F1-C7A5-4376-A066-2A32D752A2FF}</UniqueIdentifier>
      <Extensions>cpp;c;cc;cxx;def;odl;idl;hpj;bat;asm;asmx</Extensions>
    </Filter>
    <Filter Include="PhysX">
      <UniqueIdentifier>{93995380-89BD-4b04-88EB-625FBE52EBFB}</UniqueIdentifier>
      <Extensions>h;hpp;hxx;hm;inl;inc;xsd</Extensions>
    </Filter>
    <Filter Include="PhysX\Actors">
      <UniqueIdentifier>{9d89aac4-94ce-4d22-8ebd-807c02ee4b35}</UniqueIdentifier>
    </Filter>
    <Filter Include="PhysX\Debug">
      <UniqueIdentifier>{686e8494-4707-4af6-ba18-bf8a0a345b29}</UniqueIdentifier>
    </Filter>
    <Filter Include="Importer">
      <UniqueIdentifier>{67DA6AB6-F800-4c08-8B7A-83BB121AAD01}</UniqueIdentifier>
      <Extensions>rc;ico;cur;bmp;dlg;rc2;rct;bin;rgs;gif;jpg;jpeg;jpe;resx;tiff;tif;png;wav</Extensions>
    </Filter>
    <Filter Include="Importer\3DS">
      <UniqueIdentifier>{3880f630-abb9-4c5a-897e-55065c7f1b2f}</UniqueIdentifier>
      <ParseFiles>false</ParseFiles>
      <SourceControlFiles>False</SourceControlFiles>
    </Filter>
    <Filter Include="Importer\3DS\mesh">
      <UniqueIdentifier>{d51f9fb8-1e01-41e3-9b3e-81f2d4ffaa2b}</UniqueIdentifier>
      <SourceControlFiles>False</SourceControlFiles>
    </Filter>
    <Filter Include="Importer\3DS\chunk">
      <UniqueIdentifier>{1af0dca6-7d7b-49d7-9373-1320f918e649}</UniqueIdentifier>
      <SourceControlFiles>False</SourceControlFiles>
    </Filter>
    <Filter Include="Importer\3DS\light">
      <UniqueIdentifier>{2fa31f18-e633-48ba-873d-7dd0d539c777}</UniqueIdentifier>
      <SourceControlFiles>False</SourceControlFiles>
    </Filter>
    <Filter Include="Importer\3DS\material">
      <UniqueIdentifier>{f7c41269-bcd1-445a-bc0c-469fe6385a8a}</UniqueIdentifier>
      <SourceControlFiles>False</SourceControlFiles>
    </Filter>
    <Filter Include="MultiThreading">
      <UniqueIdentifier>{262d3355-1c13-456d-93a5-be3ed270c035}</UniqueIdentifier>
    </Filter>
    <Filter Include="GUI">
      <UniqueIdentifier>{7bd8d427-fc4b-487c-90a9-fb39aef31a02}</UniqueIdentifier>
    </Filter>
    <Filter Include="Vegetation">
      <UniqueIdentifier>{7729be06-b97b-45ea-814a-899cf55c4cc2}</UniqueIdentifier>
    </Filter>
    <Filter Include="Terrain">
      <UniqueIdentifier>{dc800eab-dec0-4519-bb2c-7752749fb561}</UniqueIdentifier>
    </Filter>
    <Filter Include="Utility">
      <UniqueIdentifier>{14c925c7-5191-4ec6-b343-39a1455cf76a}</UniqueIdentifier>
    </Filter>
    <Filter Include="Utility\Headers">
      <UniqueIdentifier>{adedcf5f-a857-46c7-a6df-55fdc39de999}</UniqueIdentifier>
    </Filter>
    <Filter Include="TextureManager">
      <UniqueIdentifier>{9991163d-6afa-416b-8565-3e3625b4c4ad}</UniqueIdentifier>
    </Filter>
    <Filter Include="Assets">
      <UniqueIdentifier>{6f6eb729-8480-4a06-8c83-36035233cc19}</UniqueIdentifier>
    </Filter>
    <Filter Include="Scenes">
      <UniqueIdentifier>{ccfa428a-4deb-4d97-b8b2-4fc5e3c97f9c}</UniqueIdentifier>
    </Filter>
    <Filter Include="Hardware">
      <UniqueIdentifier>{1a0eb9c5-8bca-4196-9892-ecd6c1792a56}</UniqueIdentifier>
    </Filter>
    <Filter Include="Hardware\Input">
      <UniqueIdentifier>{0a0033d2-5ee2-44c2-90eb-ba21120286b2}</UniqueIdentifier>
    </Filter>
    <Filter Include="Hardware\Video">
      <UniqueIdentifier>{6a780681-8c98-4393-aa2c-2a827c8ae39a}</UniqueIdentifier>
    </Filter>
    <Filter Include="Hardware\Video\OpenGL">
      <UniqueIdentifier>{bc5d46f7-12f1-49f8-8762-c558747d99c5}</UniqueIdentifier>
    </Filter>
    <Filter Include="Hardware\Video\Direct3D">
      <UniqueIdentifier>{d501b787-854a-44b7-955f-af77ff07d8a7}</UniqueIdentifier>
    </Filter>
    <Filter Include="Hardware\Video\Null">
      <UniqueIdentifier>{1f113ca3-dd4d-4ad6-8ac1-8776bddf24f7}</UniqueIdentifier>
    </Filter>
    <Filter Include="Hardware\Audio">
      <UniqueIdentifier>{a5182115-06d7-46b7-b1e5-24d1e8a1b10c}</UniqueIdentifier>
    </Filter>
    <Filter Include="Hardware\Network">
      <UniqueIdentifier>{637319b5-50b5-4181-bbdf-46742053c59b}</UniqueIdentifier>
    </Filter>
    <Filter Include="Managers">
      <UniqueIdentifier>{17fd0a3b-1bb0-42bb-8604-d9c9d5409e80}</UniqueIdentifier>
    </Filter>
    <Filter Include="Geometry">
      <UniqueIdentifier>{7aeedfa9-d17e-4fc1-9df5-cbc77b452531}</UniqueIdentifier>
    </Filter>
    <Filter Include="Geometry\Predefined">
      <UniqueIdentifier>{5ccadf6a-aaca-4829-b6c6-cdf952af4138}</UniqueIdentifier>
    </Filter>
  </ItemGroup>
  <ItemGroup>
    <ClCompile Include="..\Rendering\Camera.cpp">
      <Filter>Rendering</Filter>
    </ClCompile>
    <ClCompile Include="..\Rendering\common.cpp">
      <Filter>Rendering</Filter>
    </ClCompile>
    <ClCompile Include="..\Rendering\Framerate.cpp">
      <Filter>Rendering</Filter>
    </ClCompile>
    <ClCompile Include="..\Rendering\Frustum.cpp">
      <Filter>Rendering</Filter>
    </ClCompile>
    <ClCompile Include="..\PhysX\PhysX.cpp">
      <Filter>PhysX</Filter>
    </ClCompile>
    <ClCompile Include="..\PhysX\pxStream.cpp">
      <Filter>PhysX</Filter>
    </ClCompile>
    <ClCompile Include="..\PhysX\Actors\pxSimpleShapes.cpp">
      <Filter>PhysX\Actors</Filter>
    </ClCompile>
    <ClCompile Include="..\PhysX\Debug\pxDebugRenderer.cpp">
      <Filter>PhysX\Debug</Filter>
    </ClCompile>
    <ClCompile Include="..\Importer\OBJ.cpp">
      <Filter>Importer</Filter>
    </ClCompile>
    <ClCompile Include="..\Importer\objImporter.cpp">
      <Filter>Importer</Filter>
    </ClCompile>
    <ClCompile Include="..\Importer\3DS\scene3ds.cpp">
      <Filter>Importer\3DS</Filter>
    </ClCompile>
    <ClCompile Include="..\Importer\3DS\mesh\mesh3ds.cpp">
      <Filter>Importer\3DS\mesh</Filter>
    </ClCompile>
    <ClCompile Include="..\Importer\3DS\mesh\mesh3dsobject.cpp">
      <Filter>Importer\3DS\mesh</Filter>
    </ClCompile>
    <ClCompile Include="..\Importer\3DS\chunk\chunk.cpp">
      <Filter>Importer\3DS\chunk</Filter>
    </ClCompile>
    <ClCompile Include="..\Importer\3DS\chunk\file.cpp">
      <Filter>Importer\3DS\chunk</Filter>
    </ClCompile>
    <ClCompile Include="..\Importer\3DS\light\light3ds.cpp">
      <Filter>Importer\3DS\light</Filter>
    </ClCompile>
    <ClCompile Include="..\Importer\3DS\light\light3dsobject.cpp">
      <Filter>Importer\3DS\light</Filter>
    </ClCompile>
    <ClCompile Include="..\Importer\3DS\material\material3ds.cpp">
      <Filter>Importer\3DS\material</Filter>
    </ClCompile>
    <ClCompile Include="..\Importer\3DS\material\material3dsobject.cpp">
      <Filter>Importer\3DS\material</Filter>
    </ClCompile>
    <ClCompile Include="..\MultiThreading\threadHandler.cpp">
      <Filter>MultiThreading</Filter>
    </ClCompile>
    <ClCompile Include="..\GUI\GLUIManager.cpp">
      <Filter>GUI</Filter>
    </ClCompile>
    <ClCompile Include="..\GUI\GUI.cpp">
      <Filter>GUI</Filter>
    </ClCompile>
    <ClCompile Include="..\GUI\zpr.cpp">
      <Filter>GUI</Filter>
    </ClCompile>
    <ClCompile Include="..\Vegetation\Vegetation.cpp">
      <Filter>Vegetation</Filter>
    </ClCompile>
    <ClCompile Include="..\Terrain\Sky.cpp">
      <Filter>Terrain</Filter>
    </ClCompile>
    <ClCompile Include="..\Terrain\Terrain.cpp">
      <Filter>Terrain</Filter>
    </ClCompile>
    <ClCompile Include="..\Terrain\TerrainChunk.cpp">
      <Filter>Terrain</Filter>
    </ClCompile>
    <ClCompile Include="..\Utility\Event.cpp">
      <Filter>Utility</Filter>
    </ClCompile>
    <ClCompile Include="..\Utility\Guardian.cpp">
      <Filter>Utility</Filter>
    </ClCompile>
    <ClCompile Include="..\Utility\Math.cpp">
      <Filter>Utility</Filter>
    </ClCompile>
    <ClCompile Include="..\Utility\Quadtree.cpp">
      <Filter>Utility</Filter>
    </ClCompile>
    <ClCompile Include="..\Utility\QuadtreeNode.cpp">
      <Filter>Utility</Filter>
    </ClCompile>
    <ClCompile Include="..\Utility\XMLParser.cpp">
      <Filter>Utility</Filter>
    </ClCompile>
    <ClCompile Include="..\TextureManager\ImageTools.cpp">
      <Filter>TextureManager</Filter>
    </ClCompile>
    <ClCompile Include="..\TextureManager\Texture.cpp">
      <Filter>TextureManager</Filter>
    </ClCompile>
    <ClCompile Include="..\TextureManager\Texture2D.cpp">
      <Filter>TextureManager</Filter>
    </ClCompile>
    <ClCompile Include="..\TextureManager\TextureCubemap.cpp">
      <Filter>TextureManager</Filter>
    </ClCompile>
    <ClCompile Include="..\Assets\Bones.cpp">
      <Filter>Assets</Filter>
    </ClCompile>
    <ClCompile Include="..\Scenes\CubeScene.cpp">
      <Filter>Scenes</Filter>
    </ClCompile>
    <ClCompile Include="..\Scenes\MainScene.cpp">
      <Filter>Scenes</Filter>
    </ClCompile>
    <ClCompile Include="..\Scenes\Scene.cpp">
      <Filter>Scenes</Filter>
    </ClCompile>
    <ClCompile Include="..\Hardware\Input\Keyboard.cpp">
      <Filter>Hardware\Input</Filter>
    </ClCompile>
    <ClCompile Include="..\Hardware\Video\GFXDevice.cpp">
      <Filter>Hardware\Video</Filter>
    </ClCompile>
    <ClCompile Include="..\Hardware\Video\OpenGL\glFrameBufferObject.cpp">
      <Filter>Hardware\Video\OpenGL</Filter>
    </ClCompile>
    <ClCompile Include="..\Hardware\Video\OpenGL\glShader.cpp">
      <Filter>Hardware\Video\OpenGL</Filter>
    </ClCompile>
    <ClCompile Include="..\Hardware\Video\OpenGL\glVertexBufferObject.cpp">
      <Filter>Hardware\Video\OpenGL</Filter>
    </ClCompile>
    <ClCompile Include="..\Hardware\Video\OpenGL\GLWrapper.cpp">
      <Filter>Hardware\Video\OpenGL</Filter>
    </ClCompile>
    <ClCompile Include="..\Hardware\Video\Direct3D\DXWrapper.cpp">
      <Filter>Hardware\Video\Direct3D</Filter>
    </ClCompile>
    <ClCompile Include="..\Managers\Manager.cpp">
      <Filter>Managers</Filter>
    </ClCompile>
    <ClCompile Include="..\Managers\ResourceManager.cpp">
      <Filter>Managers</Filter>
    </ClCompile>
    <ClCompile Include="..\Managers\SceneManager.cpp">
      <Filter>Managers</Filter>
    </ClCompile>
    <ClCompile Include="..\Managers\TerrainManager.cpp">
      <Filter>Managers</Filter>
    </ClCompile>
    <ClCompile Include="..\Managers\TextureManager.cpp">
      <Filter>Managers</Filter>
    </ClCompile>
    <ClCompile Include="..\Geometry\Mesh.cpp">
      <Filter>Geometry</Filter>
    </ClCompile>
    <ClCompile Include="..\Geometry\SubMesh.cpp">
      <Filter>Geometry</Filter>
    </ClCompile>
    <ClCompile Include="..\Geometry\Predefined\Text3D.cpp">
      <Filter>Geometry\Predefined</Filter>
    </ClCompile>
    <ClCompile Include="..\main.cpp">
      <Filter>Rendering</Filter>
    </ClCompile>
  </ItemGroup>
  <ItemGroup>
    <ClInclude Include="..\Rendering\Camera.h">
      <Filter>Rendering</Filter>
    </ClInclude>
    <ClInclude Include="..\Rendering\common.h">
      <Filter>Rendering</Filter>
    </ClInclude>
    <ClInclude Include="..\Rendering\Framerate.h">
      <Filter>Rendering</Filter>
    </ClInclude>
    <ClInclude Include="..\Rendering\Frustum.h">
      <Filter>Rendering</Filter>
    </ClInclude>
    <ClInclude Include="..\PhysX\PhysX.h">
      <Filter>PhysX</Filter>
    </ClInclude>
    <ClInclude Include="..\PhysX\pxDecorator.h">
      <Filter>PhysX</Filter>
    </ClInclude>
    <ClInclude Include="..\PhysX\pxStream.h">
      <Filter>PhysX</Filter>
    </ClInclude>
    <ClInclude Include="..\PhysX\Debug\ErrorStream.h">
      <Filter>PhysX\Debug</Filter>
    </ClInclude>
    <ClInclude Include="..\PhysX\Debug\pxDebugRenderer.h">
      <Filter>PhysX\Debug</Filter>
    </ClInclude>
    <ClInclude Include="..\Importer\OBJ.h">
      <Filter>Importer</Filter>
    </ClInclude>
    <ClInclude Include="..\Importer\3DS\3ds.h">
      <Filter>Importer\3DS</Filter>
    </ClInclude>
    <ClInclude Include="..\Importer\3DS\scene3ds.h">
      <Filter>Importer\3DS</Filter>
    </ClInclude>
    <ClInclude Include="..\Importer\3DS\mesh\mesh3ds.h">
      <Filter>Importer\3DS\mesh</Filter>
    </ClInclude>
    <ClInclude Include="..\Importer\3DS\mesh\mesh3dsobject.h">
      <Filter>Importer\3DS\mesh</Filter>
    </ClInclude>
    <ClInclude Include="..\Importer\3DS\chunk\chunk.h">
      <Filter>Importer\3DS\chunk</Filter>
    </ClInclude>
    <ClInclude Include="..\Importer\3DS\chunk\file.h">
      <Filter>Importer\3DS\chunk</Filter>
    </ClInclude>
    <ClInclude Include="..\Importer\3DS\light\light3ds.h">
      <Filter>Importer\3DS\light</Filter>
    </ClInclude>
    <ClInclude Include="..\Importer\3DS\light\light3dsobject.h">
      <Filter>Importer\3DS\light</Filter>
    </ClInclude>
    <ClInclude Include="..\Importer\3DS\material\material3ds.h">
      <Filter>Importer\3DS\material</Filter>
    </ClInclude>
    <ClInclude Include="..\Importer\3DS\material\material3dsobject.h">
      <Filter>Importer\3DS\material</Filter>
    </ClInclude>
    <ClInclude Include="..\MultiThreading\threadHandler.h">
      <Filter>MultiThreading</Filter>
    </ClInclude>
    <ClInclude Include="..\GUI\GLUIManager.h">
      <Filter>GUI</Filter>
    </ClInclude>
    <ClInclude Include="..\GUI\GUI.h">
      <Filter>GUI</Filter>
    </ClInclude>
    <ClInclude Include="..\GUI\zpr.h">
      <Filter>GUI</Filter>
    </ClInclude>
    <ClInclude Include="..\Vegetation\Vegetation.h">
      <Filter>Vegetation</Filter>
    </ClInclude>
    <ClInclude Include="..\Terrain\Sky.h">
      <Filter>Terrain</Filter>
    </ClInclude>
    <ClInclude Include="..\Terrain\TerrainChunk.h">
      <Filter>Terrain</Filter>
    </ClInclude>
    <ClInclude Include="..\Utility\Headers\Manager.h">
      <Filter>Utility</Filter>
    </ClInclude>
    <ClInclude Include="..\Utility\Headers\BaseClasses.h">
      <Filter>Utility\Headers</Filter>
    </ClInclude>
    <ClInclude Include="..\Utility\Headers\BoundingBox.h">
      <Filter>Utility\Headers</Filter>
    </ClInclude>
    <ClInclude Include="..\Utility\Headers\DataTypes.h">
      <Filter>Utility\Headers</Filter>
    </ClInclude>
    <ClInclude Include="..\Utility\Headers\Event.h">
      <Filter>Utility\Headers</Filter>
    </ClInclude>
    <ClInclude Include="..\Utility\Headers\Guardian.h">
      <Filter>Utility\Headers</Filter>
    </ClInclude>
    <ClInclude Include="..\Utility\Headers\MathClasses.h">
      <Filter>Utility\Headers</Filter>
    </ClInclude>
    <ClInclude Include="..\Utility\Headers\MathHelper.h">
      <Filter>Utility\Headers</Filter>
    </ClInclude>
    <ClInclude Include="..\Utility\Headers\ParamHandler.h">
      <Filter>Utility\Headers</Filter>
    </ClInclude>
    <ClInclude Include="..\Utility\Headers\Quadtree.h">
      <Filter>Utility\Headers</Filter>
    </ClInclude>
    <ClInclude Include="..\Utility\Headers\QuadtreeNode.h">
      <Filter>Utility\Headers</Filter>
    </ClInclude>
    <ClInclude Include="..\Utility\Headers\Singleton.h">
      <Filter>Utility\Headers</Filter>
    </ClInclude>
    <ClInclude Include="..\Utility\Headers\XMLParser.h">
      <Filter>Utility\Headers</Filter>
    </ClInclude>
    <ClInclude Include="..\TextureManager\ImageTools.h">
      <Filter>TextureManager</Filter>
    </ClInclude>
    <ClInclude Include="..\TextureManager\Texture.h">
      <Filter>TextureManager</Filter>
    </ClInclude>
    <ClInclude Include="..\TextureManager\Texture2D.h">
      <Filter>TextureManager</Filter>
    </ClInclude>
    <ClInclude Include="..\TextureManager\TextureCubemap.h">
      <Filter>TextureManager</Filter>
    </ClInclude>
    <ClInclude Include="..\Assets\Bones.h">
      <Filter>Assets</Filter>
    </ClInclude>
    <ClInclude Include="..\Scenes\CubeScene.h">
      <Filter>Scenes</Filter>
    </ClInclude>
    <ClInclude Include="..\Scenes\MainScene.h">
      <Filter>Scenes</Filter>
    </ClInclude>
    <ClInclude Include="..\Scenes\Scene.h">
      <Filter>Scenes</Filter>
    </ClInclude>
    <ClInclude Include="..\Hardware\Input\Keyboard.h">
      <Filter>Hardware\Input</Filter>
    </ClInclude>
    <ClInclude Include="..\Hardware\Video\FrameBufferObject.h">
      <Filter>Hardware\Video</Filter>
    </ClInclude>
    <ClInclude Include="..\Hardware\Video\GFXDevice.h">
      <Filter>Hardware\Video</Filter>
    </ClInclude>
    <ClInclude Include="..\Hardware\Video\RenderAPIWrapper.h">
      <Filter>Hardware\Video</Filter>
    </ClInclude>
    <ClInclude Include="..\Hardware\Video\ShaderHandler.h">
      <Filter>Hardware\Video</Filter>
    </ClInclude>
    <ClInclude Include="..\Hardware\Video\VertexBufferObject.h">
      <Filter>Hardware\Video</Filter>
    </ClInclude>
    <ClInclude Include="..\Hardware\Video\OpenGL\glFrameBufferObject.h">
      <Filter>Hardware\Video\OpenGL</Filter>
    </ClInclude>
    <ClInclude Include="..\Hardware\Video\OpenGL\glShader.h">
      <Filter>Hardware\Video\OpenGL</Filter>
    </ClInclude>
    <ClInclude Include="..\Hardware\Video\OpenGL\glVertexBufferObject.h">
      <Filter>Hardware\Video\OpenGL</Filter>
    </ClInclude>
    <ClInclude Include="..\Hardware\Video\OpenGL\GLWrapper.h">
      <Filter>Hardware\Video\OpenGL</Filter>
    </ClInclude>
    <ClInclude Include="..\Hardware\Video\Direct3D\DXWrapper.h">
      <Filter>Hardware\Video\Direct3D</Filter>
    </ClInclude>
    <ClInclude Include="..\Managers\Manager.h">
      <Filter>Managers</Filter>
    </ClInclude>
    <ClInclude Include="..\Managers\ResourceManager.h">
      <Filter>Managers</Filter>
    </ClInclude>
    <ClInclude Include="..\Managers\SceneManager.h">
      <Filter>Managers</Filter>
    </ClInclude>
    <ClInclude Include="..\Managers\TerrainManager.h">
      <Filter>Managers</Filter>
    </ClInclude>
    <ClInclude Include="..\Managers\TextureManager.h">
      <Filter>Managers</Filter>
    </ClInclude>
    <ClInclude Include="..\Geometry\Mesh.h">
      <Filter>Geometry</Filter>
    </ClInclude>
    <ClInclude Include="..\Geometry\Object3D.h">
      <Filter>Geometry</Filter>
    </ClInclude>
    <ClInclude Include="..\Geometry\SubMesh.h">
      <Filter>Geometry</Filter>
    </ClInclude>
    <ClInclude Include="..\Geometry\Predefined\Text3D.h">
      <Filter>Geometry\Predefined</Filter>
    </ClInclude>
    <ClInclude Include="..\config.h">
      <Filter>PhysX</Filter>
    </ClInclude>
    <ClInclude Include="..\readme.h">
      <Filter>PhysX</Filter>
    </ClInclude>
    <ClInclude Include="..\resource.h">
      <Filter>PhysX</Filter>
    </ClInclude>
  </ItemGroup>
  <ItemGroup>
    <CustomBuildStep Include="..\Importer\objImporter.h">
      <Filter>Importer</Filter>
    </CustomBuildStep>
    <CustomBuildStep Include="..\Terrain\Terrain.h">
      <Filter>Terrain</Filter>
    </CustomBuildStep>
  </ItemGroup>
</Project>