<?xml version="1.0" encoding="utf-8"?>
<Project ToolsVersion="4.0" xmlns="http://schemas.microsoft.com/developer/msbuild/2003">
  <ItemGroup>
    <Filter Include="Rendering">
      <UniqueIdentifier>{4FC737F1-C7A5-4376-A066-2A32D752A2FF}</UniqueIdentifier>
      <Extensions>cpp;c;cc;cxx;def;odl;idl;hpj;bat;asm;asmx</Extensions>
    </Filter>
    <Filter Include="PhysX">
      <UniqueIdentifier>{93995380-89BD-4b04-88EB-625FBE52EBFB}</UniqueIdentifier>
      <Extensions>h;hpp;hxx;hm;inl;inc;xsd</Extensions>
    </Filter>
    <Filter Include="PhysX\Actors">
      <UniqueIdentifier>{ec312994-0054-4942-b7da-759bafd7e161}</UniqueIdentifier>
    </Filter>
    <Filter Include="PhysX\Debug">
      <UniqueIdentifier>{974c6a3b-8fef-4b4a-b293-b9da2dde3136}</UniqueIdentifier>
    </Filter>
    <Filter Include="Importer">
      <UniqueIdentifier>{67DA6AB6-F800-4c08-8B7A-83BB121AAD01}</UniqueIdentifier>
      <Extensions>rc;ico;cur;bmp;dlg;rc2;rct;bin;rgs;gif;jpg;jpeg;jpe;resx;tiff;tif;png;wav</Extensions>
    </Filter>
    <Filter Include="MultiThreading">
      <UniqueIdentifier>{8a725774-ca12-49fb-b8b5-942d305ac54e}</UniqueIdentifier>
    </Filter>
    <Filter Include="GUI">
      <UniqueIdentifier>{47f20caf-534e-4f5b-b153-515a87d96acc}</UniqueIdentifier>
    </Filter>
    <Filter Include="Vegetation">
      <UniqueIdentifier>{cb04818c-4d7b-4e8f-a468-e3e4a24fe705}</UniqueIdentifier>
    </Filter>
    <Filter Include="Terrain">
      <UniqueIdentifier>{a7ad16d4-8d2f-4830-93f9-bf0f1e505ef2}</UniqueIdentifier>
    </Filter>
    <Filter Include="Utility">
      <UniqueIdentifier>{69803b4e-94cb-47fd-a335-8e67f061155d}</UniqueIdentifier>
    </Filter>
    <Filter Include="Utility\Headers">
      <UniqueIdentifier>{3367ea43-bc2e-42de-ac01-adfd3efacb38}</UniqueIdentifier>
    </Filter>
    <Filter Include="TextureManager">
      <UniqueIdentifier>{33302c65-658b-43cf-baf0-232bcd4a7458}</UniqueIdentifier>
    </Filter>
    <Filter Include="Assets">
      <UniqueIdentifier>{f0e396cc-8856-4f3d-b4f6-bcec68a47343}</UniqueIdentifier>
    </Filter>
    <Filter Include="Scenes">
      <UniqueIdentifier>{14586a86-3f73-4e40-aafc-5707ba0e7bbf}</UniqueIdentifier>
    </Filter>
    <Filter Include="Hardware">
      <UniqueIdentifier>{837b30a7-e56a-4984-b895-10389ba37a00}</UniqueIdentifier>
    </Filter>
    <Filter Include="Hardware\Input">
      <UniqueIdentifier>{677a433b-b667-4ebd-86ab-a0b9b841a9ab}</UniqueIdentifier>
    </Filter>
    <Filter Include="Hardware\Video">
      <UniqueIdentifier>{632f485f-f5b6-4864-8f61-0737cf967eb0}</UniqueIdentifier>
    </Filter>
    <Filter Include="Hardware\Video\OpenGL">
      <UniqueIdentifier>{79ccc05c-fd01-4d57-b2af-3d02287c390b}</UniqueIdentifier>
    </Filter>
    <Filter Include="Hardware\Video\Direct3D">
      <UniqueIdentifier>{fd0029f1-724a-49bf-aee5-894ff9d7d887}</UniqueIdentifier>
    </Filter>
    <Filter Include="Hardware\Video\Null">
      <UniqueIdentifier>{215a26ee-0847-433f-b60e-2fff4dfb5fad}</UniqueIdentifier>
    </Filter>
    <Filter Include="Hardware\Audio">
      <UniqueIdentifier>{96fd90f6-f023-44ee-85e5-c4de8c18efcb}</UniqueIdentifier>
    </Filter>
    <Filter Include="Hardware\Network">
      <UniqueIdentifier>{2b121a53-2da4-41cb-bf9b-7df41eea2a2b}</UniqueIdentifier>
    </Filter>
    <Filter Include="Managers">
      <UniqueIdentifier>{5af98f8f-af68-4eb6-a853-46bffd52701d}</UniqueIdentifier>
    </Filter>
    <Filter Include="Geometry">
      <UniqueIdentifier>{9c7a5fc4-dee8-4837-9754-282f91561be9}</UniqueIdentifier>
    </Filter>
    <Filter Include="Geometry\Predefined">
      <UniqueIdentifier>{69581b2b-23dd-4218-be0e-23ca10013278}</UniqueIdentifier>
    </Filter>
  </ItemGroup>
  <ItemGroup>
    <ClCompile Include="..\Rendering\Camera.cpp">
      <Filter>Rendering</Filter>
    </ClCompile>
    <ClCompile Include="..\Rendering\common.cpp">
      <Filter>Rendering</Filter>
    </ClCompile>
    <ClCompile Include="..\Rendering\Framerate.cpp">
      <Filter>Rendering</Filter>
    </ClCompile>
    <ClCompile Include="..\Rendering\Frustum.cpp">
      <Filter>Rendering</Filter>
    </ClCompile>
    <ClCompile Include="..\PhysX\PhysX.cpp">
      <Filter>PhysX</Filter>
    </ClCompile>
    <ClCompile Include="..\PhysX\pxStream.cpp">
      <Filter>PhysX</Filter>
    </ClCompile>
    <ClCompile Include="..\PhysX\Actors\pxSimpleShapes.cpp">
      <Filter>PhysX\Actors</Filter>
    </ClCompile>
    <ClCompile Include="..\PhysX\Debug\pxDebugRenderer.cpp">
      <Filter>PhysX\Debug</Filter>
    </ClCompile>
    <ClCompile Include="..\Importer\DVDConverter.cpp">
      <Filter>Importer</Filter>
    </ClCompile>
    <ClCompile Include="..\MultiThreading\threadHandler.cpp">
      <Filter>MultiThreading</Filter>
    </ClCompile>
    <ClCompile Include="..\GUI\GLUIManager.cpp">
      <Filter>GUI</Filter>
    </ClCompile>
    <ClCompile Include="..\GUI\GUI.cpp">
      <Filter>GUI</Filter>
    </ClCompile>
    <ClCompile Include="..\GUI\zpr.cpp">
      <Filter>GUI</Filter>
    </ClCompile>
    <ClCompile Include="..\Vegetation\Vegetation.cpp">
      <Filter>Vegetation</Filter>
    </ClCompile>
    <ClCompile Include="..\Terrain\Quadtree.cpp">
      <Filter>Terrain</Filter>
    </ClCompile>
    <ClCompile Include="..\Terrain\QuadtreeNode.cpp">
      <Filter>Terrain</Filter>
    </ClCompile>
    <ClCompile Include="..\Terrain\Sky.cpp">
      <Filter>Terrain</Filter>
    </ClCompile>
    <ClCompile Include="..\Terrain\Terrain.cpp">
      <Filter>Terrain</Filter>
    </ClCompile>
    <ClCompile Include="..\Terrain\TerrainChunk.cpp">
      <Filter>Terrain</Filter>
    </ClCompile>
    <ClCompile Include="..\Terrain\Water.cpp">
      <Filter>Terrain</Filter>
    </ClCompile>
    <ClCompile Include="..\Utility\Event.cpp">
      <Filter>Utility</Filter>
    </ClCompile>
    <ClCompile Include="..\Utility\Guardian.cpp">
      <Filter>Utility</Filter>
    </ClCompile>
    <ClCompile Include="..\Utility\XMLParser.cpp">
      <Filter>Utility</Filter>
    </ClCompile>
    <ClCompile Include="..\TextureManager\ImageTools.cpp">
      <Filter>TextureManager</Filter>
    </ClCompile>
    <ClCompile Include="..\Assets\Bones.cpp">
      <Filter>Assets</Filter>
    </ClCompile>
    <ClCompile Include="..\Scenes\CubeScene.cpp">
      <Filter>Scenes</Filter>
    </ClCompile>
    <ClCompile Include="..\Scenes\MainScene.cpp">
      <Filter>Scenes</Filter>
    </ClCompile>
    <ClCompile Include="..\Scenes\NetworkScene.cpp">
      <Filter>Scenes</Filter>
    </ClCompile>
    <ClCompile Include="..\Scenes\Scene.cpp">
      <Filter>Scenes</Filter>
    </ClCompile>
    <ClCompile Include="..\Hardware\Input\Keyboard.cpp">
      <Filter>Hardware\Input</Filter>
    </ClCompile>
    <ClCompile Include="..\Hardware\Video\GFXDevice.cpp">
      <Filter>Hardware\Video</Filter>
    </ClCompile>
    <ClCompile Include="..\Hardware\Video\Light.cpp">
      <Filter>Hardware\Video</Filter>
    </ClCompile>
    <ClCompile Include="..\Hardware\Video\Texture.cpp">
      <Filter>Hardware\Video</Filter>
    </ClCompile>
    <ClCompile Include="..\Hardware\Video\OpenGL\glFrameBufferObject.cpp">
      <Filter>Hardware\Video\OpenGL</Filter>
    </ClCompile>
    <ClCompile Include="..\Hardware\Video\OpenGL\glShader.cpp">
      <Filter>Hardware\Video\OpenGL</Filter>
    </ClCompile>
    <ClCompile Include="..\Hardware\Video\OpenGL\glTexture.cpp">
      <Filter>Hardware\Video\OpenGL</Filter>
    </ClCompile>
    <ClCompile Include="..\Hardware\Video\OpenGL\glVertexBufferObject.cpp">
      <Filter>Hardware\Video\OpenGL</Filter>
    </ClCompile>
    <ClCompile Include="..\Hardware\Video\OpenGL\GLWrapper.cpp">
      <Filter>Hardware\Video\OpenGL</Filter>
    </ClCompile>
    <ClCompile Include="..\Hardware\Video\Direct3D\DXWrapper.cpp">
      <Filter>Hardware\Video\Direct3D</Filter>
    </ClCompile>
    <ClCompile Include="..\Hardware\Network\ASIO.cpp">
      <Filter>Hardware\Network</Filter>
    </ClCompile>
    <ClCompile Include="..\Managers\Manager.cpp">
      <Filter>Managers</Filter>
    </ClCompile>
    <ClCompile Include="..\Managers\ResourceManager.cpp">
      <Filter>Managers</Filter>
    </ClCompile>
    <ClCompile Include="..\Managers\SceneManager.cpp">
      <Filter>Managers</Filter>
    </ClCompile>
    <ClCompile Include="..\Managers\TerrainManager.cpp">
      <Filter>Managers</Filter>
    </ClCompile>
    <ClCompile Include="..\Managers\TextureManager.cpp">
      <Filter>Managers</Filter>
    </ClCompile>
    <ClCompile Include="..\Geometry\Mesh.cpp">
      <Filter>Geometry</Filter>
    </ClCompile>
    <ClCompile Include="..\Geometry\SubMesh.cpp">
      <Filter>Geometry</Filter>
    </ClCompile>
    <ClCompile Include="..\main.cpp">
      <Filter>Rendering</Filter>
    </ClCompile>
    <ClCompile Include="..\Scenes\PingPongScene.cpp">
      <Filter>Scenes</Filter>
    </ClCompile>
  </ItemGroup>
  <ItemGroup>
    <ClInclude Include="..\Rendering\Camera.h">
      <Filter>Rendering</Filter>
    </ClInclude>
    <ClInclude Include="..\Rendering\common.h">
      <Filter>Rendering</Filter>
    </ClInclude>
    <ClInclude Include="..\Rendering\Framerate.h">
      <Filter>Rendering</Filter>
    </ClInclude>
    <ClInclude Include="..\Rendering\Frustum.h">
      <Filter>Rendering</Filter>
    </ClInclude>
    <ClInclude Include="..\PhysX\PhysX.h">
      <Filter>PhysX</Filter>
    </ClInclude>
    <ClInclude Include="..\PhysX\pxDecorator.h">
      <Filter>PhysX</Filter>
    </ClInclude>
    <ClInclude Include="..\PhysX\pxStream.h">
      <Filter>PhysX</Filter>
    </ClInclude>
    <ClInclude Include="..\PhysX\Debug\ErrorStream.h">
      <Filter>PhysX\Debug</Filter>
    </ClInclude>
    <ClInclude Include="..\PhysX\Debug\pxDebugRenderer.h">
      <Filter>PhysX\Debug</Filter>
    </ClInclude>
    <ClInclude Include="..\Importer\DVDConverter.h">
      <Filter>Importer</Filter>
    </ClInclude>
    <ClInclude Include="..\MultiThreading\threadHandler.h">
      <Filter>MultiThreading</Filter>
    </ClInclude>
    <ClInclude Include="..\GUI\GLUIManager.h">
      <Filter>GUI</Filter>
    </ClInclude>
    <ClInclude Include="..\GUI\GUI.h">
      <Filter>GUI</Filter>
    </ClInclude>
    <ClInclude Include="..\GUI\zpr.h">
      <Filter>GUI</Filter>
    </ClInclude>
    <ClInclude Include="..\Vegetation\Vegetation.h">
      <Filter>Vegetation</Filter>
    </ClInclude>
    <ClInclude Include="..\Terrain\Quadtree.h">
      <Filter>Terrain</Filter>
    </ClInclude>
    <ClInclude Include="..\Terrain\QuadtreeNode.h">
      <Filter>Terrain</Filter>
    </ClInclude>
    <ClInclude Include="..\Terrain\Sky.h">
      <Filter>Terrain</Filter>
    </ClInclude>
    <ClInclude Include="..\Terrain\TerrainChunk.h">
      <Filter>Terrain</Filter>
    </ClInclude>
    <ClInclude Include="..\Terrain\Water.h">
      <Filter>Terrain</Filter>
    </ClInclude>
    <ClInclude Include="..\Utility\Headers\Manager.h">
      <Filter>Utility</Filter>
    </ClInclude>
    <ClInclude Include="..\Utility\Headers\BaseClasses.h">
      <Filter>Utility\Headers</Filter>
    </ClInclude>
    <ClInclude Include="..\Utility\Headers\BoundingBox.h">
      <Filter>Utility\Headers</Filter>
    </ClInclude>
    <ClInclude Include="..\Utility\Headers\DataTypes.h">
      <Filter>Utility\Headers</Filter>
    </ClInclude>
    <ClInclude Include="..\Utility\Headers\Event.h">
      <Filter>Utility\Headers</Filter>
    </ClInclude>
    <ClInclude Include="..\Utility\Headers\Guardian.h">
      <Filter>Utility\Headers</Filter>
    </ClInclude>
    <ClInclude Include="..\Utility\Headers\MathClasses.h">
      <Filter>Utility\Headers</Filter>
    </ClInclude>
    <ClInclude Include="..\Utility\Headers\MathHelper.h">
      <Filter>Utility\Headers</Filter>
    </ClInclude>
    <ClInclude Include="..\Utility\Headers\ParamHandler.h">
      <Filter>Utility\Headers</Filter>
    </ClInclude>
    <ClInclude Include="..\Utility\Headers\Ray.h">
      <Filter>Utility\Headers</Filter>
    </ClInclude>
    <ClInclude Include="..\Utility\Headers\Singleton.h">
      <Filter>Utility\Headers</Filter>
    </ClInclude>
    <ClInclude Include="..\Utility\Headers\XMLParser.h">
      <Filter>Utility\Headers</Filter>
    </ClInclude>
    <ClInclude Include="..\TextureManager\ImageTools.h">
      <Filter>TextureManager</Filter>
    </ClInclude>
    <ClInclude Include="..\Assets\Bones.h">
      <Filter>Assets</Filter>
    </ClInclude>
    <ClInclude Include="..\Scenes\CubeScene.h">
      <Filter>Scenes</Filter>
    </ClInclude>
    <ClInclude Include="..\Scenes\MainScene.h">
      <Filter>Scenes</Filter>
    </ClInclude>
    <ClInclude Include="..\Scenes\NetworkScene.h">
      <Filter>Scenes</Filter>
    </ClInclude>
    <ClInclude Include="..\Scenes\Scene.h">
      <Filter>Scenes</Filter>
    </ClInclude>
    <ClInclude Include="..\Hardware\Input\Keyboard.h">
      <Filter>Hardware\Input</Filter>
    </ClInclude>
    <ClInclude Include="..\Hardware\Video\FrameBufferObject.h">
      <Filter>Hardware\Video</Filter>
    </ClInclude>
    <ClInclude Include="..\Hardware\Video\GFXDevice.h">
      <Filter>Hardware\Video</Filter>
    </ClInclude>
    <ClInclude Include="..\Hardware\Video\Light.h">
      <Filter>Hardware\Video</Filter>
    </ClInclude>
    <ClInclude Include="..\Hardware\Video\RenderAPIWrapper.h">
      <Filter>Hardware\Video</Filter>
    </ClInclude>
    <ClInclude Include="..\Hardware\Video\ShaderHandler.h">
      <Filter>Hardware\Video</Filter>
    </ClInclude>
    <ClInclude Include="..\Hardware\Video\Texture.h">
      <Filter>Hardware\Video</Filter>
    </ClInclude>
    <ClInclude Include="..\Hardware\Video\VertexBufferObject.h">
      <Filter>Hardware\Video</Filter>
    </ClInclude>
    <ClInclude Include="..\Hardware\Video\OpenGL\glFrameBufferObject.h">
      <Filter>Hardware\Video\OpenGL</Filter>
    </ClInclude>
    <ClInclude Include="..\Hardware\Video\OpenGL\glResources.h">
      <Filter>Hardware\Video\OpenGL</Filter>
    </ClInclude>
    <ClInclude Include="..\Hardware\Video\OpenGL\glShader.h">
      <Filter>Hardware\Video\OpenGL</Filter>
    </ClInclude>
    <ClInclude Include="..\Hardware\Video\OpenGL\glTexture.h">
      <Filter>Hardware\Video\OpenGL</Filter>
    </ClInclude>
    <ClInclude Include="..\Hardware\Video\OpenGL\glVertexBufferObject.h">
      <Filter>Hardware\Video\OpenGL</Filter>
    </ClInclude>
    <ClInclude Include="..\Hardware\Video\OpenGL\GLWrapper.h">
      <Filter>Hardware\Video\OpenGL</Filter>
    </ClInclude>
    <ClInclude Include="..\Hardware\Video\Direct3D\DXWrapper.h">
      <Filter>Hardware\Video\Direct3D</Filter>
    </ClInclude>
    <ClInclude Include="..\Libs\includes\networking\OPCodes.h">
      <Filter>Hardware\Network</Filter>
    </ClInclude>
    <ClInclude Include="..\Managers\Manager.h">
      <Filter>Managers</Filter>
    </ClInclude>
    <ClInclude Include="..\Managers\ResourceManager.h">
      <Filter>Managers</Filter>
    </ClInclude>
    <ClInclude Include="..\Managers\SceneManager.h">
      <Filter>Managers</Filter>
    </ClInclude>
    <ClInclude Include="..\Managers\TerrainManager.h">
      <Filter>Managers</Filter>
    </ClInclude>
    <ClInclude Include="..\Managers\TextureManager.h">
      <Filter>Managers</Filter>
    </ClInclude>
    <ClInclude Include="..\Geometry\Mesh.h">
      <Filter>Geometry</Filter>
    </ClInclude>
    <ClInclude Include="..\Geometry\Object3D.h">
      <Filter>Geometry</Filter>
    </ClInclude>
    <ClInclude Include="..\Geometry\SubMesh.h">
      <Filter>Geometry</Filter>
    </ClInclude>
    <ClInclude Include="..\Geometry\Predefined\Box3D.h">
      <Filter>Geometry\Predefined</Filter>
    </ClInclude>
    <ClInclude Include="..\Geometry\Predefined\Quad3D.h">
      <Filter>Geometry\Predefined</Filter>
    </ClInclude>
    <ClInclude Include="..\Geometry\Predefined\Sphere3D.h">
      <Filter>Geometry\Predefined</Filter>
    </ClInclude>
    <ClInclude Include="..\Geometry\Predefined\Text3D.h">
      <Filter>Geometry\Predefined</Filter>
    </ClInclude>
    <ClInclude Include="..\config.h">
      <Filter>PhysX</Filter>
    </ClInclude>
    <ClInclude Include="..\readme.h">
      <Filter>PhysX</Filter>
    </ClInclude>
    <ClInclude Include="..\resource.h">
      <Filter>PhysX</Filter>
    </ClInclude>
    <ClInclude Include="..\SceneList.h">
      <Filter>PhysX</Filter>
    </ClInclude>
    <ClInclude Include="..\Scenes\PingPongScene.h">
      <Filter>Scenes</Filter>
    </ClInclude>
  </ItemGroup>
  <ItemGroup>
    <CustomBuildStep Include="..\Terrain\Terrain.h">
      <Filter>Terrain</Filter>
    </CustomBuildStep>
  </ItemGroup>
  <ItemGroup>
    <None Include="..\libs\includes\unordered_map" />
  </ItemGroup>
</Project>